
Microsoft Visual Studio Solution File, Format Version 12.00
# Visual Studio Version 17
VisualStudioVersion = 17.8.34330.188
MinimumVisualStudioVersion = 10.0.40219.1
Project("{2150E333-8FDC-42A3-9474-1A3956D46DE8}") = "Services", "Services", "{3822480C-A0C8-4D3F-8064-8FFC2BEBEC9D}"
EndProject
Project("{2150E333-8FDC-42A3-9474-1A3956D46DE8}") = "IdentityService", "IdentityService", "{3AC373D9-397E-4864-B79B-9F28A6B27EF9}"
EndProject
Project("{9A19103F-16F7-4668-BE54-9A1E7A4F7556}") = "Synergy.IdentityService.Domain", "Services\IdentityService\Synergy.IdentityService.Domain\Synergy.IdentityService.Domain.csproj", "{F22CBAE6-9B2A-483E-A41E-483F3E0DE47A}"
EndProject
Project("{9A19103F-16F7-4668-BE54-9A1E7A4F7556}") = "Synergy.IdentityService.Api", "Services\IdentityService\Synergy.IdentityService.Api\Synergy.IdentityService.Api.csproj", "{E8C9F9CF-D847-4C66-8AE7-BCEEF5F731DE}"
EndProject
Project("{9A19103F-16F7-4668-BE54-9A1E7A4F7556}") = "Synergy.IdentityService.Infrastructure", "Services\IdentityService\Synergy.IdentityService.Infrastructure\Synergy.IdentityService.Infrastructure.csproj", "{D54CD966-CDF0-4999-81E1-AAF52C55C574}"
EndProject
Project("{2150E333-8FDC-42A3-9474-1A3956D46DE8}") = "Shared", "Shared", "{005B7164-2C3B-4005-9CB9-58ABFB4196DD}"
EndProject
Project("{9A19103F-16F7-4668-BE54-9A1E7A4F7556}") = "Synergy.Shared", "Shared\Synergy.Shared\Synergy.Shared.csproj", "{EF7AAD1D-5426-4FD5-9483-3B9B66935697}"
EndProject
Project("{9A19103F-16F7-4668-BE54-9A1E7A4F7556}") = "Synergy.IdentityService.Shared", "Services\IdentityService\Synergy.IdentityService.Shared\Synergy.IdentityService.Shared.csproj", "{A5E763FC-CB33-44D0-988C-2175523FBD0C}"
EndProject
Project("{9A19103F-16F7-4668-BE54-9A1E7A4F7556}") = "Synergy.IdentityService.Application", "Services\IdentityService\Synergy.IdentityService.Application\Synergy.IdentityService.Application.csproj", "{AB69E87C-E13B-48A1-A093-EAC32B754F23}"
EndProject
Project("{2150E333-8FDC-42A3-9474-1A3956D46DE8}") = "TeamService", "TeamService", "{5C117822-87F7-43B1-9E8B-AD238C0E1DA0}"
EndProject
Project("{9A19103F-16F7-4668-BE54-9A1E7A4F7556}") = "Synergy.TeamService.Api", "Services\TeamService\Synergy.TeamService.Api\Synergy.TeamService.Api.csproj", "{348632AD-93F1-4637-B504-A6939FE87A1D}"
EndProject
Project("{9A19103F-16F7-4668-BE54-9A1E7A4F7556}") = "Synergy.TeamService.Domain", "Services\TeamService\Synergy.TeamService.Domain\Synergy.TeamService.Domain.csproj", "{0FE1ADDF-D7E0-4748-AB81-5AA16E0F9ECF}"
EndProject
Project("{9A19103F-16F7-4668-BE54-9A1E7A4F7556}") = "Synergy.TeamService.Shared", "Services\TeamService\Synergy.TeamService.Shared\Synergy.TeamService.Shared.csproj", "{6122279A-9A27-44DE-A7E8-0F9710072D69}"
EndProject
Project("{9A19103F-16F7-4668-BE54-9A1E7A4F7556}") = "Synergy.TeamService.Infrastructure", "Services\TeamService\Synergy.TeamService.Infrastructure\Synergy.TeamService.Infrastructure.csproj", "{173787E1-6A4F-4754-85DD-EE1745743C65}"
EndProject
Project("{9A19103F-16F7-4668-BE54-9A1E7A4F7556}") = "Synergy.TeamService.Application", "Services\TeamService\Synergy.TeamService.Application\Synergy.TeamService.Application.csproj", "{46094C39-9A02-485A-BA7A-681108A02833}"
EndProject
Project("{2150E333-8FDC-42A3-9474-1A3956D46DE8}") = "ProjectService", "ProjectService", "{60EE7A2F-042D-4E7D-A11F-FA1DB0A5C881}"
EndProject
Project("{9A19103F-16F7-4668-BE54-9A1E7A4F7556}") = "Synergy.ProjectService.Api", "Services\ProjectService\Synergy.ProjectService.Api\Synergy.ProjectService.Api.csproj", "{EBECB8E8-B9CE-4FA9-930C-5EF72327F8B7}"
EndProject
Project("{9A19103F-16F7-4668-BE54-9A1E7A4F7556}") = "Synergy.ProjectService.Domain", "Services\ProjectService\Synergy.ProjectService.Domain\Synergy.ProjectService.Domain.csproj", "{87E71DAF-CEBC-416A-9190-4E9F82C340B3}"
EndProject
Project("{9A19103F-16F7-4668-BE54-9A1E7A4F7556}") = "Synergy.ProjectService.Shared", "Services\ProjectService\Synergy.ProjectService.Shared\Synergy.ProjectService.Shared.csproj", "{06393652-56A4-46BE-A204-0AB94257879D}"
EndProject
Project("{9A19103F-16F7-4668-BE54-9A1E7A4F7556}") = "Synergy.ProjectService.Infrastructure", "Services\ProjectService\Synergy.ProjectService.Infrastructure\Synergy.ProjectService.Infrastructure.csproj", "{040F5A52-0458-41B0-9D46-C3B95FA5F292}"
EndProject
Project("{9A19103F-16F7-4668-BE54-9A1E7A4F7556}") = "Synergy.ProjectService.Application", "Services\ProjectService\Synergy.ProjectService.Application\Synergy.ProjectService.Application.csproj", "{5F6041B0-E123-4257-9A06-63C8CFBC9FD6}"
EndProject
Project("{2150E333-8FDC-42A3-9474-1A3956D46DE8}") = "Gateway", "Gateway", "{97CE7910-F7BA-4CED-AD2A-28F47CD3EDBA}"
EndProject
Project("{9A19103F-16F7-4668-BE54-9A1E7A4F7556}") = "Synergy.Gateway", "Gateway\Synergy.Gateway\Synergy.Gateway.csproj", "{15ED340C-0031-43DF-B842-1CB90FE35225}"
EndProject
Project("{2150E333-8FDC-42A3-9474-1A3956D46DE8}") = "Client", "Client", "{9F628627-86A1-4541-9DEC-EC156EF4D025}"
EndProject
Project("{9A19103F-16F7-4668-BE54-9A1E7A4F7556}") = "Synergy.WebApp", "Client\Synergy.WebApp\Synergy.WebApp.csproj", "{AD7E9697-C104-4435-A411-6F3CC10D590E}"
EndProject
Project("{9A19103F-16F7-4668-BE54-9A1E7A4F7556}") = "Synergy.Web", "Client\Synergy.Web\Synergy.Web.csproj", "{4B3A3CE6-E497-4C40-97E1-A79135EC53FF}"
EndProject
Project("{2150E333-8FDC-42A3-9474-1A3956D46DE8}") = "ReportService", "ReportService", "{00B09558-2A32-4E13-B631-B85CDD5CB712}"
EndProject
Project("{FAE04EC0-301F-11D3-BF4B-00C04F79EFBC}") = "Synergy.ReportService.GraphQL", "Services\ReportService\Synergy.ReportService.GraphQL\Synergy.ReportService.GraphQL.csproj", "{41B8BF79-8F3D-407D-A6C9-7BDDE7FA0A4F}"
EndProject
Global
	GlobalSection(SolutionConfigurationPlatforms) = preSolution
		Debug|Any CPU = Debug|Any CPU
		Release|Any CPU = Release|Any CPU
	EndGlobalSection
	GlobalSection(ProjectConfigurationPlatforms) = postSolution
		{F22CBAE6-9B2A-483E-A41E-483F3E0DE47A}.Debug|Any CPU.ActiveCfg = Debug|Any CPU
		{F22CBAE6-9B2A-483E-A41E-483F3E0DE47A}.Debug|Any CPU.Build.0 = Debug|Any CPU
		{F22CBAE6-9B2A-483E-A41E-483F3E0DE47A}.Release|Any CPU.ActiveCfg = Release|Any CPU
		{F22CBAE6-9B2A-483E-A41E-483F3E0DE47A}.Release|Any CPU.Build.0 = Release|Any CPU
		{E8C9F9CF-D847-4C66-8AE7-BCEEF5F731DE}.Debug|Any CPU.ActiveCfg = Debug|Any CPU
		{E8C9F9CF-D847-4C66-8AE7-BCEEF5F731DE}.Debug|Any CPU.Build.0 = Debug|Any CPU
		{E8C9F9CF-D847-4C66-8AE7-BCEEF5F731DE}.Release|Any CPU.ActiveCfg = Release|Any CPU
		{E8C9F9CF-D847-4C66-8AE7-BCEEF5F731DE}.Release|Any CPU.Build.0 = Release|Any CPU
		{D54CD966-CDF0-4999-81E1-AAF52C55C574}.Debug|Any CPU.ActiveCfg = Debug|Any CPU
		{D54CD966-CDF0-4999-81E1-AAF52C55C574}.Debug|Any CPU.Build.0 = Debug|Any CPU
		{D54CD966-CDF0-4999-81E1-AAF52C55C574}.Release|Any CPU.ActiveCfg = Release|Any CPU
		{D54CD966-CDF0-4999-81E1-AAF52C55C574}.Release|Any CPU.Build.0 = Release|Any CPU
		{EF7AAD1D-5426-4FD5-9483-3B9B66935697}.Debug|Any CPU.ActiveCfg = Debug|Any CPU
		{EF7AAD1D-5426-4FD5-9483-3B9B66935697}.Debug|Any CPU.Build.0 = Debug|Any CPU
		{EF7AAD1D-5426-4FD5-9483-3B9B66935697}.Release|Any CPU.ActiveCfg = Release|Any CPU
		{EF7AAD1D-5426-4FD5-9483-3B9B66935697}.Release|Any CPU.Build.0 = Release|Any CPU
		{A5E763FC-CB33-44D0-988C-2175523FBD0C}.Debug|Any CPU.ActiveCfg = Debug|Any CPU
		{A5E763FC-CB33-44D0-988C-2175523FBD0C}.Debug|Any CPU.Build.0 = Debug|Any CPU
		{A5E763FC-CB33-44D0-988C-2175523FBD0C}.Release|Any CPU.ActiveCfg = Release|Any CPU
		{A5E763FC-CB33-44D0-988C-2175523FBD0C}.Release|Any CPU.Build.0 = Release|Any CPU
		{AB69E87C-E13B-48A1-A093-EAC32B754F23}.Debug|Any CPU.ActiveCfg = Debug|Any CPU
		{AB69E87C-E13B-48A1-A093-EAC32B754F23}.Debug|Any CPU.Build.0 = Debug|Any CPU
		{AB69E87C-E13B-48A1-A093-EAC32B754F23}.Release|Any CPU.ActiveCfg = Release|Any CPU
		{AB69E87C-E13B-48A1-A093-EAC32B754F23}.Release|Any CPU.Build.0 = Release|Any CPU
		{348632AD-93F1-4637-B504-A6939FE87A1D}.Debug|Any CPU.ActiveCfg = Debug|Any CPU
		{348632AD-93F1-4637-B504-A6939FE87A1D}.Debug|Any CPU.Build.0 = Debug|Any CPU
		{348632AD-93F1-4637-B504-A6939FE87A1D}.Release|Any CPU.ActiveCfg = Release|Any CPU
		{348632AD-93F1-4637-B504-A6939FE87A1D}.Release|Any CPU.Build.0 = Release|Any CPU
		{0FE1ADDF-D7E0-4748-AB81-5AA16E0F9ECF}.Debug|Any CPU.ActiveCfg = Debug|Any CPU
		{0FE1ADDF-D7E0-4748-AB81-5AA16E0F9ECF}.Debug|Any CPU.Build.0 = Debug|Any CPU
		{0FE1ADDF-D7E0-4748-AB81-5AA16E0F9ECF}.Release|Any CPU.ActiveCfg = Release|Any CPU
		{0FE1ADDF-D7E0-4748-AB81-5AA16E0F9ECF}.Release|Any CPU.Build.0 = Release|Any CPU
		{6122279A-9A27-44DE-A7E8-0F9710072D69}.Debug|Any CPU.ActiveCfg = Debug|Any CPU
		{6122279A-9A27-44DE-A7E8-0F9710072D69}.Debug|Any CPU.Build.0 = Debug|Any CPU
		{6122279A-9A27-44DE-A7E8-0F9710072D69}.Release|Any CPU.ActiveCfg = Release|Any CPU
		{6122279A-9A27-44DE-A7E8-0F9710072D69}.Release|Any CPU.Build.0 = Release|Any CPU
		{173787E1-6A4F-4754-85DD-EE1745743C65}.Debug|Any CPU.ActiveCfg = Debug|Any CPU
		{173787E1-6A4F-4754-85DD-EE1745743C65}.Debug|Any CPU.Build.0 = Debug|Any CPU
		{173787E1-6A4F-4754-85DD-EE1745743C65}.Release|Any CPU.ActiveCfg = Release|Any CPU
		{173787E1-6A4F-4754-85DD-EE1745743C65}.Release|Any CPU.Build.0 = Release|Any CPU
		{46094C39-9A02-485A-BA7A-681108A02833}.Debug|Any CPU.ActiveCfg = Debug|Any CPU
		{46094C39-9A02-485A-BA7A-681108A02833}.Debug|Any CPU.Build.0 = Debug|Any CPU
		{46094C39-9A02-485A-BA7A-681108A02833}.Release|Any CPU.ActiveCfg = Release|Any CPU
		{46094C39-9A02-485A-BA7A-681108A02833}.Release|Any CPU.Build.0 = Release|Any CPU
		{EBECB8E8-B9CE-4FA9-930C-5EF72327F8B7}.Debug|Any CPU.ActiveCfg = Debug|Any CPU
		{EBECB8E8-B9CE-4FA9-930C-5EF72327F8B7}.Debug|Any CPU.Build.0 = Debug|Any CPU
		{EBECB8E8-B9CE-4FA9-930C-5EF72327F8B7}.Release|Any CPU.ActiveCfg = Release|Any CPU
		{EBECB8E8-B9CE-4FA9-930C-5EF72327F8B7}.Release|Any CPU.Build.0 = Release|Any CPU
		{87E71DAF-CEBC-416A-9190-4E9F82C340B3}.Debug|Any CPU.ActiveCfg = Debug|Any CPU
		{87E71DAF-CEBC-416A-9190-4E9F82C340B3}.Debug|Any CPU.Build.0 = Debug|Any CPU
		{87E71DAF-CEBC-416A-9190-4E9F82C340B3}.Release|Any CPU.ActiveCfg = Release|Any CPU
		{87E71DAF-CEBC-416A-9190-4E9F82C340B3}.Release|Any CPU.Build.0 = Release|Any CPU
		{06393652-56A4-46BE-A204-0AB94257879D}.Debug|Any CPU.ActiveCfg = Debug|Any CPU
		{06393652-56A4-46BE-A204-0AB94257879D}.Debug|Any CPU.Build.0 = Debug|Any CPU
		{06393652-56A4-46BE-A204-0AB94257879D}.Release|Any CPU.ActiveCfg = Release|Any CPU
		{06393652-56A4-46BE-A204-0AB94257879D}.Release|Any CPU.Build.0 = Release|Any CPU
		{040F5A52-0458-41B0-9D46-C3B95FA5F292}.Debug|Any CPU.ActiveCfg = Debug|Any CPU
		{040F5A52-0458-41B0-9D46-C3B95FA5F292}.Debug|Any CPU.Build.0 = Debug|Any CPU
		{040F5A52-0458-41B0-9D46-C3B95FA5F292}.Release|Any CPU.ActiveCfg = Release|Any CPU
		{040F5A52-0458-41B0-9D46-C3B95FA5F292}.Release|Any CPU.Build.0 = Release|Any CPU
		{5F6041B0-E123-4257-9A06-63C8CFBC9FD6}.Debug|Any CPU.ActiveCfg = Debug|Any CPU
		{5F6041B0-E123-4257-9A06-63C8CFBC9FD6}.Debug|Any CPU.Build.0 = Debug|Any CPU
		{5F6041B0-E123-4257-9A06-63C8CFBC9FD6}.Release|Any CPU.ActiveCfg = Release|Any CPU
		{5F6041B0-E123-4257-9A06-63C8CFBC9FD6}.Release|Any CPU.Build.0 = Release|Any CPU
		{15ED340C-0031-43DF-B842-1CB90FE35225}.Debug|Any CPU.ActiveCfg = Debug|Any CPU
		{15ED340C-0031-43DF-B842-1CB90FE35225}.Debug|Any CPU.Build.0 = Debug|Any CPU
		{15ED340C-0031-43DF-B842-1CB90FE35225}.Release|Any CPU.ActiveCfg = Release|Any CPU
		{15ED340C-0031-43DF-B842-1CB90FE35225}.Release|Any CPU.Build.0 = Release|Any CPU
		{AD7E9697-C104-4435-A411-6F3CC10D590E}.Debug|Any CPU.ActiveCfg = Debug|Any CPU
		{AD7E9697-C104-4435-A411-6F3CC10D590E}.Debug|Any CPU.Build.0 = Debug|Any CPU
		{AD7E9697-C104-4435-A411-6F3CC10D590E}.Release|Any CPU.ActiveCfg = Release|Any CPU
		{AD7E9697-C104-4435-A411-6F3CC10D590E}.Release|Any CPU.Build.0 = Release|Any CPU
		{4B3A3CE6-E497-4C40-97E1-A79135EC53FF}.Debug|Any CPU.ActiveCfg = Debug|Any CPU
		{4B3A3CE6-E497-4C40-97E1-A79135EC53FF}.Debug|Any CPU.Build.0 = Debug|Any CPU
		{4B3A3CE6-E497-4C40-97E1-A79135EC53FF}.Release|Any CPU.ActiveCfg = Release|Any CPU
		{4B3A3CE6-E497-4C40-97E1-A79135EC53FF}.Release|Any CPU.Build.0 = Release|Any CPU
		{41B8BF79-8F3D-407D-A6C9-7BDDE7FA0A4F}.Debug|Any CPU.ActiveCfg = Debug|Any CPU
		{41B8BF79-8F3D-407D-A6C9-7BDDE7FA0A4F}.Debug|Any CPU.Build.0 = Debug|Any CPU
		{41B8BF79-8F3D-407D-A6C9-7BDDE7FA0A4F}.Release|Any CPU.ActiveCfg = Release|Any CPU
		{41B8BF79-8F3D-407D-A6C9-7BDDE7FA0A4F}.Release|Any CPU.Build.0 = Release|Any CPU
	EndGlobalSection
	GlobalSection(SolutionProperties) = preSolution
		HideSolutionNode = FALSE
	EndGlobalSection
	GlobalSection(NestedProjects) = preSolution
		{3AC373D9-397E-4864-B79B-9F28A6B27EF9} = {3822480C-A0C8-4D3F-8064-8FFC2BEBEC9D}
		{F22CBAE6-9B2A-483E-A41E-483F3E0DE47A} = {3AC373D9-397E-4864-B79B-9F28A6B27EF9}
		{E8C9F9CF-D847-4C66-8AE7-BCEEF5F731DE} = {3AC373D9-397E-4864-B79B-9F28A6B27EF9}
		{D54CD966-CDF0-4999-81E1-AAF52C55C574} = {3AC373D9-397E-4864-B79B-9F28A6B27EF9}
		{EF7AAD1D-5426-4FD5-9483-3B9B66935697} = {005B7164-2C3B-4005-9CB9-58ABFB4196DD}
		{A5E763FC-CB33-44D0-988C-2175523FBD0C} = {3AC373D9-397E-4864-B79B-9F28A6B27EF9}
		{AB69E87C-E13B-48A1-A093-EAC32B754F23} = {3AC373D9-397E-4864-B79B-9F28A6B27EF9}
		{5C117822-87F7-43B1-9E8B-AD238C0E1DA0} = {3822480C-A0C8-4D3F-8064-8FFC2BEBEC9D}
		{348632AD-93F1-4637-B504-A6939FE87A1D} = {5C117822-87F7-43B1-9E8B-AD238C0E1DA0}
		{0FE1ADDF-D7E0-4748-AB81-5AA16E0F9ECF} = {5C117822-87F7-43B1-9E8B-AD238C0E1DA0}
		{6122279A-9A27-44DE-A7E8-0F9710072D69} = {5C117822-87F7-43B1-9E8B-AD238C0E1DA0}
		{173787E1-6A4F-4754-85DD-EE1745743C65} = {5C117822-87F7-43B1-9E8B-AD238C0E1DA0}
		{46094C39-9A02-485A-BA7A-681108A02833} = {5C117822-87F7-43B1-9E8B-AD238C0E1DA0}
		{60EE7A2F-042D-4E7D-A11F-FA1DB0A5C881} = {3822480C-A0C8-4D3F-8064-8FFC2BEBEC9D}
		{EBECB8E8-B9CE-4FA9-930C-5EF72327F8B7} = {60EE7A2F-042D-4E7D-A11F-FA1DB0A5C881}
		{87E71DAF-CEBC-416A-9190-4E9F82C340B3} = {60EE7A2F-042D-4E7D-A11F-FA1DB0A5C881}
		{06393652-56A4-46BE-A204-0AB94257879D} = {60EE7A2F-042D-4E7D-A11F-FA1DB0A5C881}
		{040F5A52-0458-41B0-9D46-C3B95FA5F292} = {60EE7A2F-042D-4E7D-A11F-FA1DB0A5C881}
		{5F6041B0-E123-4257-9A06-63C8CFBC9FD6} = {60EE7A2F-042D-4E7D-A11F-FA1DB0A5C881}
		{15ED340C-0031-43DF-B842-1CB90FE35225} = {97CE7910-F7BA-4CED-AD2A-28F47CD3EDBA}
		{AD7E9697-C104-4435-A411-6F3CC10D590E} = {9F628627-86A1-4541-9DEC-EC156EF4D025}
		{4B3A3CE6-E497-4C40-97E1-A79135EC53FF} = {9F628627-86A1-4541-9DEC-EC156EF4D025}
		{00B09558-2A32-4E13-B631-B85CDD5CB712} = {3822480C-A0C8-4D3F-8064-8FFC2BEBEC9D}
		{41B8BF79-8F3D-407D-A6C9-7BDDE7FA0A4F} = {00B09558-2A32-4E13-B631-B85CDD5CB712}
	EndGlobalSection
	GlobalSection(ExtensibilityGlobals) = postSolution
		SolutionGuid = {0A98B446-27F9-4F37-B0F4-5B0F1E171F0D}
	EndGlobalSection
EndGlobal
